// !$*UTF8*$!
{
	archiveVersion = 1;
	classes = {
	};
	objectVersion = 46;
	objects = {

/* Begin PBXBuildFile section */
		0270480919C8E08B00FDA1C5 /* AppDelegate.swift in Sources */ = {isa = PBXBuildFile; fileRef = 0270480819C8E08B00FDA1C5 /* AppDelegate.swift */; };
		0270480B19C8E08B00FDA1C5 /* SearchResultsViewController.swift in Sources */ = {isa = PBXBuildFile; fileRef = 0270480A19C8E08B00FDA1C5 /* SearchResultsViewController.swift */; };
		0270480E19C8E08B00FDA1C5 /* Main.storyboard in Resources */ = {isa = PBXBuildFile; fileRef = 0270480C19C8E08B00FDA1C5 /* Main.storyboard */; };
		0270481019C8E08B00FDA1C5 /* Images.xcassets in Resources */ = {isa = PBXBuildFile; fileRef = 0270480F19C8E08B00FDA1C5 /* Images.xcassets */; };
		0270481319C8E08B00FDA1C5 /* LaunchScreen.xib in Resources */ = {isa = PBXBuildFile; fileRef = 0270481119C8E08B00FDA1C5 /* LaunchScreen.xib */; };
		0270481F19C8E08B00FDA1C5 /* ClubsFinderTests.swift in Sources */ = {isa = PBXBuildFile; fileRef = 0270481E19C8E08B00FDA1C5 /* ClubsFinderTests.swift */; };
		861670D71A190EED00E5994B /* BusinessDetailsViewController.swift in Sources */ = {isa = PBXBuildFile; fileRef = 861670D61A190EED00E5994B /* BusinessDetailsViewController.swift */; };
		8636A8081A02588C005566D1 /* APIController.swift in Sources */ = {isa = PBXBuildFile; fileRef = 8636A8071A02588C005566D1 /* APIController.swift */; };
		8636A80A1A02740D005566D1 /* Blank52.png in Resources */ = {isa = PBXBuildFile; fileRef = 8636A8091A02740D005566D1 /* Blank52.png */; };
		8638E4E01A0D0F89008489B9 /* Dictionary+OAuthSwift.swift in Sources */ = {isa = PBXBuildFile; fileRef = 8638E4D51A0D0F89008489B9 /* Dictionary+OAuthSwift.swift */; };
		8638E4E11A0D0F89008489B9 /* NSURL+OAuthSwift.swift in Sources */ = {isa = PBXBuildFile; fileRef = 8638E4D61A0D0F89008489B9 /* NSURL+OAuthSwift.swift */; };
		8638E4E21A0D0F89008489B9 /* String+OAuthSwift.swift in Sources */ = {isa = PBXBuildFile; fileRef = 8638E4D71A0D0F89008489B9 /* String+OAuthSwift.swift */; };
		8638E4E31A0D0F89008489B9 /* HMACSHA1Signature.m in Sources */ = {isa = PBXBuildFile; fileRef = 8638E4D91A0D0F89008489B9 /* HMACSHA1Signature.m */; };
		8638E4E61A0D0F89008489B9 /* OAuthSwiftClient.swift in Sources */ = {isa = PBXBuildFile; fileRef = 8638E4DD1A0D0F89008489B9 /* OAuthSwiftClient.swift */; };
		8638E4E71A0D0F89008489B9 /* OAuthSwiftCredential.swift in Sources */ = {isa = PBXBuildFile; fileRef = 8638E4DE1A0D0F89008489B9 /* OAuthSwiftCredential.swift */; };
		8638E4E81A0D0F89008489B9 /* OAuthSwiftHTTPRequest.swift in Sources */ = {isa = PBXBuildFile; fileRef = 8638E4DF1A0D0F89008489B9 /* OAuthSwiftHTTPRequest.swift */; };
		865C14F71A167B5F0040D1B8 /* SearchResultsCell.swift in Sources */ = {isa = PBXBuildFile; fileRef = 865C14F61A167B5F0040D1B8 /* SearchResultsCell.swift */; };
		865C14F91A16816E0040D1B8 /* Blank70.png in Resources */ = {isa = PBXBuildFile; fileRef = 865C14F81A16816E0040D1B8 /* Blank70.png */; };
		8673ACFE1A0A4F7500D78950 /* Business.swift in Sources */ = {isa = PBXBuildFile; fileRef = 8673ACFD1A0A4F7500D78950 /* Business.swift */; };
		868E25791A2DC9CD000710B8 /* ClubsFilters.swift in Sources */ = {isa = PBXBuildFile; fileRef = 868E25781A2DC9CD000710B8 /* ClubsFilters.swift */; };
		8690A4A71A2B70CE00291636 /* FiltersViewController.swift in Sources */ = {isa = PBXBuildFile; fileRef = 8690A4A61A2B70CE00291636 /* FiltersViewController.swift */; };
		86A6D1BC1A1A3F43009DC249 /* BusinessDetailsBarsCell.swift in Sources */ = {isa = PBXBuildFile; fileRef = 86A6D1BB1A1A3F43009DC249 /* BusinessDetailsBarsCell.swift */; };
		86C103A01A2F3EA9003B9B7E /* UserLocation.swift in Sources */ = {isa = PBXBuildFile; fileRef = 86C1039F1A2F3EA9003B9B7E /* UserLocation.swift */; };
		86C8E1871A14CE9C00CB549A /* Default-568h@2x.png in Resources */ = {isa = PBXBuildFile; fileRef = 86C8E1861A14CE9C00CB549A /* Default-568h@2x.png */; };
		86C8E1951A14CEE700CB549A /* LaunchScreen.xib in Resources */ = {isa = PBXBuildFile; fileRef = 86C8E1891A14CEE700CB549A /* LaunchScreen.xib */; };
		86C8E1961A14CEE700CB549A /* Main.storyboard in Resources */ = {isa = PBXBuildFile; fileRef = 86C8E18B1A14CEE700CB549A /* Main.storyboard */; };
/* End PBXBuildFile section */

/* Begin PBXContainerItemProxy section */
		0270481919C8E08B00FDA1C5 /* PBXContainerItemProxy */ = {
			isa = PBXContainerItemProxy;
			containerPortal = 027047FB19C8E08B00FDA1C5 /* Project object */;
			proxyType = 1;
			remoteGlobalIDString = 0270480219C8E08B00FDA1C5;
			remoteInfo = ClubsFinder;
		};
/* End PBXContainerItemProxy section */

/* Begin PBXFileReference section */
		0270480319C8E08B00FDA1C5 /* ClubsFinder.app */ = {isa = PBXFileReference; explicitFileType = wrapper.application; includeInIndex = 0; path = ClubsFinder.app; sourceTree = BUILT_PRODUCTS_DIR; };
		0270480719C8E08B00FDA1C5 /* Info.plist */ = {isa = PBXFileReference; lastKnownFileType = text.plist.xml; path = Info.plist; sourceTree = "<group>"; };
		0270480819C8E08B00FDA1C5 /* AppDelegate.swift */ = {isa = PBXFileReference; lastKnownFileType = sourcecode.swift; path = AppDelegate.swift; sourceTree = "<group>"; };
		0270480A19C8E08B00FDA1C5 /* SearchResultsViewController.swift */ = {isa = PBXFileReference; lastKnownFileType = sourcecode.swift; path = SearchResultsViewController.swift; sourceTree = "<group>"; };
		0270480D19C8E08B00FDA1C5 /* Base */ = {isa = PBXFileReference; lastKnownFileType = file.storyboard; name = Base; path = Base.lproj/Main.storyboard; sourceTree = "<group>"; };
		0270480F19C8E08B00FDA1C5 /* Images.xcassets */ = {isa = PBXFileReference; lastKnownFileType = folder.assetcatalog; path = Images.xcassets; sourceTree = "<group>"; };
		0270481219C8E08B00FDA1C5 /* Base */ = {isa = PBXFileReference; lastKnownFileType = file.xib; name = Base; path = Base.lproj/LaunchScreen.xib; sourceTree = "<group>"; };
		0270481819C8E08B00FDA1C5 /* ClubsFinderTests.xctest */ = {isa = PBXFileReference; explicitFileType = wrapper.cfbundle; includeInIndex = 0; path = ClubsFinderTests.xctest; sourceTree = BUILT_PRODUCTS_DIR; };
		0270481D19C8E08B00FDA1C5 /* Info.plist */ = {isa = PBXFileReference; lastKnownFileType = text.plist.xml; path = Info.plist; sourceTree = "<group>"; };
		0270481E19C8E08B00FDA1C5 /* ClubsFinderTests.swift */ = {isa = PBXFileReference; lastKnownFileType = sourcecode.swift; path = ClubsFinderTests.swift; sourceTree = "<group>"; };
		861670D61A190EED00E5994B /* BusinessDetailsViewController.swift */ = {isa = PBXFileReference; fileEncoding = 4; lastKnownFileType = sourcecode.swift; path = BusinessDetailsViewController.swift; sourceTree = "<group>"; };
		8636A8071A02588C005566D1 /* APIController.swift */ = {isa = PBXFileReference; fileEncoding = 4; lastKnownFileType = sourcecode.swift; name = APIController.swift; path = ../APIController.swift; sourceTree = "<group>"; };
		8636A8091A02740D005566D1 /* Blank52.png */ = {isa = PBXFileReference; lastKnownFileType = image.png; name = Blank52.png; path = ../../../Downloads/Blank52.png; sourceTree = "<group>"; };
		8638E4D51A0D0F89008489B9 /* Dictionary+OAuthSwift.swift */ = {isa = PBXFileReference; fileEncoding = 4; lastKnownFileType = sourcecode.swift; path = "Dictionary+OAuthSwift.swift"; sourceTree = "<group>"; };
		8638E4D61A0D0F89008489B9 /* NSURL+OAuthSwift.swift */ = {isa = PBXFileReference; fileEncoding = 4; lastKnownFileType = sourcecode.swift; path = "NSURL+OAuthSwift.swift"; sourceTree = "<group>"; };
		8638E4D71A0D0F89008489B9 /* String+OAuthSwift.swift */ = {isa = PBXFileReference; fileEncoding = 4; lastKnownFileType = sourcecode.swift; path = "String+OAuthSwift.swift"; sourceTree = "<group>"; };
		8638E4D81A0D0F89008489B9 /* HMACSHA1Signature.h */ = {isa = PBXFileReference; fileEncoding = 4; lastKnownFileType = sourcecode.c.h; path = HMACSHA1Signature.h; sourceTree = "<group>"; };
		8638E4D91A0D0F89008489B9 /* HMACSHA1Signature.m */ = {isa = PBXFileReference; fileEncoding = 4; lastKnownFileType = sourcecode.c.objc; path = HMACSHA1Signature.m; sourceTree = "<group>"; };
		8638E4DC1A0D0F89008489B9 /* OAuthSwift-Bridging-Header.h */ = {isa = PBXFileReference; fileEncoding = 4; lastKnownFileType = sourcecode.c.h; path = "OAuthSwift-Bridging-Header.h"; sourceTree = "<group>"; };
		8638E4DD1A0D0F89008489B9 /* OAuthSwiftClient.swift */ = {isa = PBXFileReference; fileEncoding = 4; lastKnownFileType = sourcecode.swift; path = OAuthSwiftClient.swift; sourceTree = "<group>"; };
		8638E4DE1A0D0F89008489B9 /* OAuthSwiftCredential.swift */ = {isa = PBXFileReference; fileEncoding = 4; lastKnownFileType = sourcecode.swift; path = OAuthSwiftCredential.swift; sourceTree = "<group>"; };
		8638E4DF1A0D0F89008489B9 /* OAuthSwiftHTTPRequest.swift */ = {isa = PBXFileReference; fileEncoding = 4; lastKnownFileType = sourcecode.swift; path = OAuthSwiftHTTPRequest.swift; sourceTree = "<group>"; };
		865C14F61A167B5F0040D1B8 /* SearchResultsCell.swift */ = {isa = PBXFileReference; fileEncoding = 4; lastKnownFileType = sourcecode.swift; path = SearchResultsCell.swift; sourceTree = "<group>"; };
		865C14F81A16816E0040D1B8 /* Blank70.png */ = {isa = PBXFileReference; lastKnownFileType = image.png; path = Blank70.png; sourceTree = "<group>"; };
		8673ACFD1A0A4F7500D78950 /* Business.swift */ = {isa = PBXFileReference; fileEncoding = 4; lastKnownFileType = sourcecode.swift; path = Business.swift; sourceTree = "<group>"; };
		868E25781A2DC9CD000710B8 /* ClubsFilters.swift */ = {isa = PBXFileReference; fileEncoding = 4; lastKnownFileType = sourcecode.swift; path = ClubsFilters.swift; sourceTree = "<group>"; };
		8690A4A61A2B70CE00291636 /* FiltersViewController.swift */ = {isa = PBXFileReference; fileEncoding = 4; lastKnownFileType = sourcecode.swift; path = FiltersViewController.swift; sourceTree = "<group>"; };
		86A6D1BB1A1A3F43009DC249 /* BusinessDetailsBarsCell.swift */ = {isa = PBXFileReference; fileEncoding = 4; lastKnownFileType = sourcecode.swift; path = BusinessDetailsBarsCell.swift; sourceTree = "<group>"; };
		86C1039F1A2F3EA9003B9B7E /* UserLocation.swift */ = {isa = PBXFileReference; fileEncoding = 4; lastKnownFileType = sourcecode.swift; path = UserLocation.swift; sourceTree = "<group>"; };
		86C8E1861A14CE9C00CB549A /* Default-568h@2x.png */ = {isa = PBXFileReference; lastKnownFileType = image.png; path = "Default-568h@2x.png"; sourceTree = "<group>"; };
		86C8E18A1A14CEE700CB549A /* Base */ = {isa = PBXFileReference; lastKnownFileType = file.xib; name = Base; path = LaunchScreen.xib; sourceTree = "<group>"; };
		86C8E18C1A14CEE700CB549A /* Base */ = {isa = PBXFileReference; lastKnownFileType = file.storyboard; name = Base; path = Main.storyboard; sourceTree = "<group>"; };
/* End PBXFileReference section */

/* Begin PBXFrameworksBuildPhase section */
		0270480019C8E08B00FDA1C5 /* Frameworks */ = {
			isa = PBXFrameworksBuildPhase;
			buildActionMask = 2147483647;
			files = (
			);
			runOnlyForDeploymentPostprocessing = 0;
		};
		0270481519C8E08B00FDA1C5 /* Frameworks */ = {
			isa = PBXFrameworksBuildPhase;
			buildActionMask = 2147483647;
			files = (
			);
			runOnlyForDeploymentPostprocessing = 0;
		};
/* End PBXFrameworksBuildPhase section */

/* Begin PBXGroup section */
		027047FA19C8E08B00FDA1C5 = {
			isa = PBXGroup;
			children = (
				86C8E1861A14CE9C00CB549A /* Default-568h@2x.png */,
				8638E4D31A0D0F89008489B9 /* OAuthSwift */,
				0270480519C8E08B00FDA1C5 /* ClubsFinder */,
				0270481B19C8E08B00FDA1C5 /* ClubsFinderTests */,
				0270480419C8E08B00FDA1C5 /* Products */,
			);
			sourceTree = "<group>";
		};
		0270480419C8E08B00FDA1C5 /* Products */ = {
			isa = PBXGroup;
			children = (
				0270480319C8E08B00FDA1C5 /* ClubsFinder.app */,
				0270481819C8E08B00FDA1C5 /* ClubsFinderTests.xctest */,
			);
			name = Products;
			sourceTree = "<group>";
		};
		0270480519C8E08B00FDA1C5 /* ClubsFinder */ = {
			isa = PBXGroup;
			children = (
				865C14FA1A16817A0040D1B8 /* Images */,
				865C14F51A167ADE0040D1B8 /* Views */,
				86C8E1881A14CEE700CB549A /* Base.lproj */,
				8636A8071A02588C005566D1 /* APIController.swift */,
				0270480819C8E08B00FDA1C5 /* AppDelegate.swift */,
				864685171A14D07C00C77D1A /* Controllers */,
				0270480C19C8E08B00FDA1C5 /* Main.storyboard */,
				0270480F19C8E08B00FDA1C5 /* Images.xcassets */,
				0270481119C8E08B00FDA1C5 /* LaunchScreen.xib */,
				0270480619C8E08B00FDA1C5 /* Supporting Files */,
				864685181A14D0A600C77D1A /* Models */,
			);
			path = ClubsFinder;
			sourceTree = "<group>";
		};
		0270480619C8E08B00FDA1C5 /* Supporting Files */ = {
			isa = PBXGroup;
			children = (
				0270480719C8E08B00FDA1C5 /* Info.plist */,
			);
			name = "Supporting Files";
			sourceTree = "<group>";
		};
		0270481B19C8E08B00FDA1C5 /* ClubsFinderTests */ = {
			isa = PBXGroup;
			children = (
				0270481E19C8E08B00FDA1C5 /* ClubsFinderTests.swift */,
				0270481C19C8E08B00FDA1C5 /* Supporting Files */,
			);
			path = ClubsFinderTests;
			sourceTree = "<group>";
		};
		0270481C19C8E08B00FDA1C5 /* Supporting Files */ = {
			isa = PBXGroup;
			children = (
				0270481D19C8E08B00FDA1C5 /* Info.plist */,
			);
			name = "Supporting Files";
			sourceTree = "<group>";
		};
		8638E4D31A0D0F89008489B9 /* OAuthSwift */ = {
			isa = PBXGroup;
			children = (
				8638E4D41A0D0F89008489B9 /* extension */,
				8638E4D81A0D0F89008489B9 /* HMACSHA1Signature.h */,
				8638E4D91A0D0F89008489B9 /* HMACSHA1Signature.m */,
				8638E4DC1A0D0F89008489B9 /* OAuthSwift-Bridging-Header.h */,
				8638E4DD1A0D0F89008489B9 /* OAuthSwiftClient.swift */,
				8638E4DE1A0D0F89008489B9 /* OAuthSwiftCredential.swift */,
				8638E4DF1A0D0F89008489B9 /* OAuthSwiftHTTPRequest.swift */,
			);
			path = OAuthSwift;
			sourceTree = "<group>";
		};
		8638E4D41A0D0F89008489B9 /* extension */ = {
			isa = PBXGroup;
			children = (
				8638E4D51A0D0F89008489B9 /* Dictionary+OAuthSwift.swift */,
				8638E4D61A0D0F89008489B9 /* NSURL+OAuthSwift.swift */,
				8638E4D71A0D0F89008489B9 /* String+OAuthSwift.swift */,
			);
			path = extension;
			sourceTree = "<group>";
		};
		864685171A14D07C00C77D1A /* Controllers */ = {
			isa = PBXGroup;
			children = (
				0270480A19C8E08B00FDA1C5 /* SearchResultsViewController.swift */,
				861670D61A190EED00E5994B /* BusinessDetailsViewController.swift */,
				8690A4A61A2B70CE00291636 /* FiltersViewController.swift */,
			);
			name = Controllers;
			sourceTree = "<group>";
		};
		864685181A14D0A600C77D1A /* Models */ = {
			isa = PBXGroup;
			children = (
				8673ACFD1A0A4F7500D78950 /* Business.swift */,
				868E25781A2DC9CD000710B8 /* ClubsFilters.swift */,
				86C1039F1A2F3EA9003B9B7E /* UserLocation.swift */,
			);
			name = Models;
			sourceTree = "<group>";
		};
		865C14F51A167ADE0040D1B8 /* Views */ = {
			isa = PBXGroup;
			children = (
				865C14F61A167B5F0040D1B8 /* SearchResultsCell.swift */,
				86A6D1BB1A1A3F43009DC249 /* BusinessDetailsBarsCell.swift */,
			);
			name = Views;
			sourceTree = "<group>";
		};
		865C14FA1A16817A0040D1B8 /* Images */ = {
			isa = PBXGroup;
			children = (
				8636A8091A02740D005566D1 /* Blank52.png */,
				865C14F81A16816E0040D1B8 /* Blank70.png */,
			);
			name = Images;
			sourceTree = "<group>";
		};
		86C8E1881A14CEE700CB549A /* Base.lproj */ = {
			isa = PBXGroup;
			children = (
				86C8E1891A14CEE700CB549A /* LaunchScreen.xib */,
				86C8E18B1A14CEE700CB549A /* Main.storyboard */,
			);
			name = Base.lproj;
			path = ClubsFinder/Base.lproj;
			sourceTree = SOURCE_ROOT;
		};
/* End PBXGroup section */

/* Begin PBXNativeTarget section */
		0270480219C8E08B00FDA1C5 /* ClubsFinder */ = {
			isa = PBXNativeTarget;
			buildConfigurationList = 0270482219C8E08B00FDA1C5 /* Build configuration list for PBXNativeTarget "ClubsFinder" */;
			buildPhases = (
				027047FF19C8E08B00FDA1C5 /* Sources */,
				0270480019C8E08B00FDA1C5 /* Frameworks */,
				0270480119C8E08B00FDA1C5 /* Resources */,
			);
			buildRules = (
			);
			dependencies = (
			);
			name = ClubsFinder;
			productName = ClubsFinder;
			productReference = 0270480319C8E08B00FDA1C5 /* ClubsFinder.app */;
			productType = "com.apple.product-type.application";
		};
		0270481719C8E08B00FDA1C5 /* ClubsFinderTests */ = {
			isa = PBXNativeTarget;
			buildConfigurationList = 0270482519C8E08B00FDA1C5 /* Build configuration list for PBXNativeTarget "ClubsFinderTests" */;
			buildPhases = (
				0270481419C8E08B00FDA1C5 /* Sources */,
				0270481519C8E08B00FDA1C5 /* Frameworks */,
				0270481619C8E08B00FDA1C5 /* Resources */,
			);
			buildRules = (
			);
			dependencies = (
				0270481A19C8E08B00FDA1C5 /* PBXTargetDependency */,
			);
			name = ClubsFinderTests;
			productName = ClubsFinderTests;
			productReference = 0270481819C8E08B00FDA1C5 /* ClubsFinderTests.xctest */;
			productType = "com.apple.product-type.bundle.unit-test";
		};
/* End PBXNativeTarget section */

/* Begin PBXProject section */
		027047FB19C8E08B00FDA1C5 /* Project object */ = {
			isa = PBXProject;
			attributes = {
				LastUpgradeCheck = 0600;
				ORGANIZATIONNAME = Apik56;
				TargetAttributes = {
					0270480219C8E08B00FDA1C5 = {
						CreatedOnToolsVersion = 6.0;
					};
					0270481719C8E08B00FDA1C5 = {
						CreatedOnToolsVersion = 6.0;
						TestTargetID = 0270480219C8E08B00FDA1C5;
					};
				};
			};
			buildConfigurationList = 027047FE19C8E08B00FDA1C5 /* Build configuration list for PBXProject "ClubsFinder" */;
			compatibilityVersion = "Xcode 3.2";
			developmentRegion = English;
			hasScannedForEncodings = 0;
			knownRegions = (
				en,
				Base,
			);
			mainGroup = 027047FA19C8E08B00FDA1C5;
			productRefGroup = 0270480419C8E08B00FDA1C5 /* Products */;
			projectDirPath = "";
			projectRoot = "";
			targets = (
				0270480219C8E08B00FDA1C5 /* ClubsFinder */,
				0270481719C8E08B00FDA1C5 /* ClubsFinderTests */,
			);
		};
/* End PBXProject section */

/* Begin PBXResourcesBuildPhase section */
		0270480119C8E08B00FDA1C5 /* Resources */ = {
			isa = PBXResourcesBuildPhase;
			buildActionMask = 2147483647;
			files = (
				86C8E1961A14CEE700CB549A /* Main.storyboard in Resources */,
				0270480E19C8E08B00FDA1C5 /* Main.storyboard in Resources */,
				8636A80A1A02740D005566D1 /* Blank52.png in Resources */,
				0270481319C8E08B00FDA1C5 /* LaunchScreen.xib in Resources */,
				86C8E1871A14CE9C00CB549A /* Default-568h@2x.png in Resources */,
				865C14F91A16816E0040D1B8 /* Blank70.png in Resources */,
				86C8E1951A14CEE700CB549A /* LaunchScreen.xib in Resources */,
				0270481019C8E08B00FDA1C5 /* Images.xcassets in Resources */,
			);
			runOnlyForDeploymentPostprocessing = 0;
		};
		0270481619C8E08B00FDA1C5 /* Resources */ = {
			isa = PBXResourcesBuildPhase;
			buildActionMask = 2147483647;
			files = (
			);
			runOnlyForDeploymentPostprocessing = 0;
		};
/* End PBXResourcesBuildPhase section */

/* Begin PBXSourcesBuildPhase section */
		027047FF19C8E08B00FDA1C5 /* Sources */ = {
			isa = PBXSourcesBuildPhase;
			buildActionMask = 2147483647;
			files = (
				8638E4E21A0D0F89008489B9 /* String+OAuthSwift.swift in Sources */,
				0270480B19C8E08B00FDA1C5 /* SearchResultsViewController.swift in Sources */,
				861670D71A190EED00E5994B /* BusinessDetailsViewController.swift in Sources */,
				86C103A01A2F3EA9003B9B7E /* UserLocation.swift in Sources */,
				8638E4E11A0D0F89008489B9 /* NSURL+OAuthSwift.swift in Sources */,
				0270480919C8E08B00FDA1C5 /* AppDelegate.swift in Sources */,
				8638E4E61A0D0F89008489B9 /* OAuthSwiftClient.swift in Sources */,
				865C14F71A167B5F0040D1B8 /* SearchResultsCell.swift in Sources */,
				8636A8081A02588C005566D1 /* APIController.swift in Sources */,
				8673ACFE1A0A4F7500D78950 /* Business.swift in Sources */,
				8638E4E01A0D0F89008489B9 /* Dictionary+OAuthSwift.swift in Sources */,
				8638E4E31A0D0F89008489B9 /* HMACSHA1Signature.m in Sources */,
				868E25791A2DC9CD000710B8 /* ClubsFilters.swift in Sources */,
				8638E4E81A0D0F89008489B9 /* OAuthSwiftHTTPRequest.swift in Sources */,
				8638E4E71A0D0F89008489B9 /* OAuthSwiftCredential.swift in Sources */,
				8690A4A71A2B70CE00291636 /* FiltersViewController.swift in Sources */,
				86A6D1BC1A1A3F43009DC249 /* BusinessDetailsBarsCell.swift in Sources */,
			);
			runOnlyForDeploymentPostprocessing = 0;
		};
		0270481419C8E08B00FDA1C5 /* Sources */ = {
			isa = PBXSourcesBuildPhase;
			buildActionMask = 2147483647;
			files = (
				0270481F19C8E08B00FDA1C5 /* ClubsFinderTests.swift in Sources */,
			);
			runOnlyForDeploymentPostprocessing = 0;
		};
/* End PBXSourcesBuildPhase section */

/* Begin PBXTargetDependency section */
		0270481A19C8E08B00FDA1C5 /* PBXTargetDependency */ = {
			isa = PBXTargetDependency;
			target = 0270480219C8E08B00FDA1C5 /* ClubsFinder */;
			targetProxy = 0270481919C8E08B00FDA1C5 /* PBXContainerItemProxy */;
		};
/* End PBXTargetDependency section */

/* Begin PBXVariantGroup section */
		0270480C19C8E08B00FDA1C5 /* Main.storyboard */ = {
			isa = PBXVariantGroup;
			children = (
				0270480D19C8E08B00FDA1C5 /* Base */,
			);
			name = Main.storyboard;
			sourceTree = "<group>";
		};
		0270481119C8E08B00FDA1C5 /* LaunchScreen.xib */ = {
			isa = PBXVariantGroup;
			children = (
				0270481219C8E08B00FDA1C5 /* Base */,
			);
			name = LaunchScreen.xib;
			sourceTree = "<group>";
		};
		86C8E1891A14CEE700CB549A /* LaunchScreen.xib */ = {
			isa = PBXVariantGroup;
			children = (
				86C8E18A1A14CEE700CB549A /* Base */,
			);
			name = LaunchScreen.xib;
			sourceTree = "<group>";
		};
		86C8E18B1A14CEE700CB549A /* Main.storyboard */ = {
			isa = PBXVariantGroup;
			children = (
				86C8E18C1A14CEE700CB549A /* Base */,
			);
			name = Main.storyboard;
			sourceTree = "<group>";
		};
/* End PBXVariantGroup section */

/* Begin XCBuildConfiguration section */
		0270482019C8E08B00FDA1C5 /* Debug */ = {
			isa = XCBuildConfiguration;
			buildSettings = {
				ALWAYS_SEARCH_USER_PATHS = NO;
				CLANG_CXX_LANGUAGE_STANDARD = "gnu++0x";
				CLANG_CXX_LIBRARY = "libc++";
				CLANG_ENABLE_MODULES = YES;
				CLANG_ENABLE_OBJC_ARC = YES;
				CLANG_WARN_BOOL_CONVERSION = YES;
				CLANG_WARN_CONSTANT_CONVERSION = YES;
				CLANG_WARN_DIRECT_OBJC_ISA_USAGE = YES_ERROR;
				CLANG_WARN_EMPTY_BODY = YES;
				CLANG_WARN_ENUM_CONVERSION = YES;
				CLANG_WARN_INT_CONVERSION = YES;
				CLANG_WARN_OBJC_ROOT_CLASS = YES_ERROR;
				CLANG_WARN_UNREACHABLE_CODE = YES;
				CLANG_WARN__DUPLICATE_METHOD_MATCH = YES;
				"CODE_SIGN_IDENTITY[sdk=iphoneos*]" = "iPhone Developer";
				COPY_PHASE_STRIP = NO;
				ENABLE_STRICT_OBJC_MSGSEND = YES;
				GCC_C_LANGUAGE_STANDARD = gnu99;
				GCC_DYNAMIC_NO_PIC = NO;
				GCC_OPTIMIZATION_LEVEL = 0;
				GCC_PREPROCESSOR_DEFINITIONS = (
					"DEBUG=1",
					"$(inherited)",
				);
				GCC_SYMBOLS_PRIVATE_EXTERN = NO;
				GCC_WARN_64_TO_32_BIT_CONVERSION = YES;
				GCC_WARN_ABOUT_RETURN_TYPE = YES_ERROR;
				GCC_WARN_UNDECLARED_SELECTOR = YES;
				GCC_WARN_UNINITIALIZED_AUTOS = YES_AGGRESSIVE;
				GCC_WARN_UNUSED_FUNCTION = YES;
				GCC_WARN_UNUSED_VARIABLE = YES;
				IPHONEOS_DEPLOYMENT_TARGET = 8.0;
				MTL_ENABLE_DEBUG_INFO = YES;
				ONLY_ACTIVE_ARCH = YES;
				SDKROOT = iphoneos;
				SWIFT_OPTIMIZATION_LEVEL = "-Onone";
			};
			name = Debug;
		};
		0270482119C8E08B00FDA1C5 /* Release */ = {
			isa = XCBuildConfiguration;
			buildSettings = {
				ALWAYS_SEARCH_USER_PATHS = NO;
				CLANG_CXX_LANGUAGE_STANDARD = "gnu++0x";
				CLANG_CXX_LIBRARY = "libc++";
				CLANG_ENABLE_MODULES = YES;
				CLANG_ENABLE_OBJC_ARC = YES;
				CLANG_WARN_BOOL_CONVERSION = YES;
				CLANG_WARN_CONSTANT_CONVERSION = YES;
				CLANG_WARN_DIRECT_OBJC_ISA_USAGE = YES_ERROR;
				CLANG_WARN_EMPTY_BODY = YES;
				CLANG_WARN_ENUM_CONVERSION = YES;
				CLANG_WARN_INT_CONVERSION = YES;
				CLANG_WARN_OBJC_ROOT_CLASS = YES_ERROR;
				CLANG_WARN_UNREACHABLE_CODE = YES;
				CLANG_WARN__DUPLICATE_METHOD_MATCH = YES;
				"CODE_SIGN_IDENTITY[sdk=iphoneos*]" = "iPhone Developer";
				COPY_PHASE_STRIP = YES;
				ENABLE_NS_ASSERTIONS = NO;
				ENABLE_STRICT_OBJC_MSGSEND = YES;
				GCC_C_LANGUAGE_STANDARD = gnu99;
				GCC_WARN_64_TO_32_BIT_CONVERSION = YES;
				GCC_WARN_ABOUT_RETURN_TYPE = YES_ERROR;
				GCC_WARN_UNDECLARED_SELECTOR = YES;
				GCC_WARN_UNINITIALIZED_AUTOS = YES_AGGRESSIVE;
				GCC_WARN_UNUSED_FUNCTION = YES;
				GCC_WARN_UNUSED_VARIABLE = YES;
				IPHONEOS_DEPLOYMENT_TARGET = 8.0;
				MTL_ENABLE_DEBUG_INFO = NO;
				SDKROOT = iphoneos;
				VALIDATE_PRODUCT = YES;
			};
			name = Release;
		};
		0270482319C8E08B00FDA1C5 /* Debug */ = {
			isa = XCBuildConfiguration;
			buildSettings = {
				ASSETCATALOG_COMPILER_APPICON_NAME = AppIcon;
				INFOPLIST_FILE = "$(SRCROOT)/ClubsFinder/Info.plist";
				IPHONEOS_DEPLOYMENT_TARGET = 8.1;
				LD_RUNPATH_SEARCH_PATHS = "$(inherited) @executable_path/Frameworks";
				PRODUCT_NAME = "$(TARGET_NAME)";
				SWIFT_OBJC_BRIDGING_HEADER = "OAuthSwift/OAuthSwift-Bridging-Header.h";
				TARGETED_DEVICE_FAMILY = 1;
			};
			name = Debug;
		};
		0270482419C8E08B00FDA1C5 /* Release */ = {
			isa = XCBuildConfiguration;
			buildSettings = {
				ASSETCATALOG_COMPILER_APPICON_NAME = AppIcon;
				INFOPLIST_FILE = "$(SRCROOT)/ClubsFinder/Info.plist";
				IPHONEOS_DEPLOYMENT_TARGET = 8.1;
				LD_RUNPATH_SEARCH_PATHS = "$(inherited) @executable_path/Frameworks";
				PRODUCT_NAME = "$(TARGET_NAME)";
				SWIFT_OBJC_BRIDGING_HEADER = "OAuthSwift/OAuthSwift-Bridging-Header.h";
				TARGETED_DEVICE_FAMILY = 1;
			};
			name = Release;
		};
		0270482619C8E08B00FDA1C5 /* Debug */ = {
			isa = XCBuildConfiguration;
			buildSettings = {
				BUNDLE_LOADER = "$(TEST_HOST)";
				FRAMEWORK_SEARCH_PATHS = (
					"$(SDKROOT)/Developer/Library/Frameworks",
					"$(inherited)",
				);
				GCC_PREPROCESSOR_DEFINITIONS = (
					"DEBUG=1",
					"$(inherited)",
				);
				INFOPLIST_FILE = ClubsFinderTests/Info.plist;
				LD_RUNPATH_SEARCH_PATHS = "$(inherited) @executable_path/Frameworks @loader_path/Frameworks";
				PRODUCT_NAME = "$(TARGET_NAME)";
				TEST_HOST = "$(BUILT_PRODUCTS_DIR)/ClubsFinder.app/ClubsFinder";
			};
			name = Debug;
		};
		0270482719C8E08B00FDA1C5 /* Release */ = {
			isa = XCBuildConfiguration;
			buildSettings = {
				BUNDLE_LOADER = "$(TEST_HOST)";
				FRAMEWORK_SEARCH_PATHS = (
					"$(SDKROOT)/Developer/Library/Frameworks",
					"$(inherited)",
				);
				INFOPLIST_FILE = ClubsFinderTests/Info.plist;
				LD_RUNPATH_SEARCH_PATHS = "$(inherited) @executable_path/Frameworks @loader_path/Frameworks";
				PRODUCT_NAME = "$(TARGET_NAME)";
				TEST_HOST = "$(BUILT_PRODUCTS_DIR)/ClubsFinder.app/ClubsFinder";
			};
			name = Release;
		};
/* End XCBuildConfiguration section */

/* Begin XCConfigurationList section */
		027047FE19C8E08B00FDA1C5 /* Build configuration list for PBXProject "ClubsFinder" */ = {
			isa = XCConfigurationList;
			buildConfigurations = (
				0270482019C8E08B00FDA1C5 /* Debug */,
				0270482119C8E08B00FDA1C5 /* Release */,
			);
			defaultConfigurationIsVisible = 0;
			defaultConfigurationName = Release;
		};
		0270482219C8E08B00FDA1C5 /* Build configuration list for PBXNativeTarget "ClubsFinder" */ = {
			isa = XCConfigurationList;
			buildConfigurations = (
				0270482319C8E08B00FDA1C5 /* Debug */,
				0270482419C8E08B00FDA1C5 /* Release */,
			);
			defaultConfigurationIsVisible = 0;
			defaultConfigurationName = Release;
		};
		0270482519C8E08B00FDA1C5 /* Build configuration list for PBXNativeTarget "ClubsFinderTests" */ = {
			isa = XCConfigurationList;
			buildConfigurations = (
				0270482619C8E08B00FDA1C5 /* Debug */,
				0270482719C8E08B00FDA1C5 /* Release */,
			);
			defaultConfigurationIsVisible = 0;
			defaultConfigurationName = Release;
		};
/* End XCConfigurationList section */
	};
	rootObject = 027047FB19C8E08B00FDA1C5 /* Project object */;
}
